<?xml version="1.0" encoding="UTF-8" standalone="yes" ?>
<CodeBlocks_project_file>
	<FileVersion major="1" minor="6" />
	<Project>
		<Option title="VIRUSZ" />
		<Option pch_mode="2" />
		<Option compiler="gcc" />
		<Build>
			<Target title="Debug">
				<Option output="bin/Debug/VIRUSZ" prefix_auto="1" extension_auto="1" />
				<Option object_output="obj/Debug/" />
				<Option type="1" />
				<Option compiler="gcc" />
				<Compiler>
					<Add option="-g" />
				</Compiler>
				<ExtraCommands>
					<Add after='cp -r &quot;estado.txt&quot; &quot;$(TARGET_OUTPUT_DIR)&quot;' />
					<Mode after="always" />
				</ExtraCommands>
			</Target>
			<Target title="Release">
				<Option output="bin/Release/VIRUSZ" prefix_auto="1" extension_auto="1" />
				<Option object_output="obj/Release/" />
				<Option type="1" />
				<Option compiler="gcc" />
				<Compiler>
					<Add option="-O2" />
				</Compiler>
				<Linker>
					<Add option="-s" />
				</Linker>
				<ExtraCommands>
					<Add after='cp -r &quot;estado.txt&quot; &quot;$(TARGET_OUTPUT_DIR)&quot;' />
					<Mode after="always" />
				</ExtraCommands>
			</Target>
		</Build>
		<Compiler>
			<Add option="-Wall" />
			<Add option="-fexceptions" />
		</Compiler>
		<Unit filename="anticuerpo.cpp" />
		<Unit filename="anticuerpo.h" />
		<Unit filename="celula.cpp" />
		<Unit filename="celula.h" />
		<Unit filename="celulainflamada.cpp" />
		<Unit filename="celulainflamada.h" />
		<Unit filename="celulamutada.cpp" />
		<Unit filename="celulamutada.h" />
		<Unit filename="constantes.h" />
		<Unit filename="elemento.cpp" />
		<Unit filename="elemento.h" />
		<Unit filename="estado.txt" />
		<Unit filename="main.cpp" />
		<Unit filename="suero.cpp" />
		<Unit filename="suero.h" />
		<Unit filename="tejido.cpp" />
		<Unit filename="tejido.h" />
		<Unit filename="texto.cpp" />
		<Unit filename="texto.h" />
		<Extensions>
			<code_completion />
			<debugger />
			<envvars />
		</Extensions>
	</Project>
</CodeBlocks_project_file>
